
Microsoft Visual Studio Solution File, Format Version 12.00
# Visual Studio Version 17
VisualStudioVersion = 17.5.002.0
MinimumVisualStudioVersion = 10.0.40219.1
Project("{2150E333-8FDC-42A3-9474-1A3956D46DE8}") = "Back", "Back", "{1A06C981-EE49-46BF-B5D1-4D6352E702C9}"
EndProject
Project("{2150E333-8FDC-42A3-9474-1A3956D46DE8}") = "src", "src", "{699AA58E-AA77-4A34-89B8-D1B0BBF06470}"
EndProject
Project("{9A19103F-16F7-4668-BE54-9A1E7A4F7556}") = "ProEventos.API", "Back\src\ProEventos.API\ProEventos.API.csproj", "{76C5907C-E74C-4E54-A30A-6C0ABC0A0168}"
EndProject
Global
	GlobalSection(SolutionConfigurationPlatforms) = preSolution
		Debug|Any CPU = Debug|Any CPU
		Release|Any CPU = Release|Any CPU
	EndGlobalSection
	GlobalSection(ProjectConfigurationPlatforms) = postSolution
		{76C5907C-E74C-4E54-A30A-6C0ABC0A0168}.Debug|Any CPU.ActiveCfg = Debug|Any CPU
		{76C5907C-E74C-4E54-A30A-6C0ABC0A0168}.Debug|Any CPU.Build.0 = Debug|Any CPU
		{76C5907C-E74C-4E54-A30A-6C0ABC0A0168}.Release|Any CPU.ActiveCfg = Release|Any CPU
		{76C5907C-E74C-4E54-A30A-6C0ABC0A0168}.Release|Any CPU.Build.0 = Release|Any CPU
	EndGlobalSection
	GlobalSection(SolutionProperties) = preSolution
		HideSolutionNode = FALSE
	EndGlobalSection
	GlobalSection(NestedProjects) = preSolution
		{699AA58E-AA77-4A34-89B8-D1B0BBF06470} = {1A06C981-EE49-46BF-B5D1-4D6352E702C9}
		{76C5907C-E74C-4E54-A30A-6C0ABC0A0168} = {699AA58E-AA77-4A34-89B8-D1B0BBF06470}
	EndGlobalSection
	GlobalSection(ExtensibilityGlobals) = postSolution
		SolutionGuid = {CB829648-4B3A-4817-B07C-049E2CBFA505}
	EndGlobalSection
EndGlobal
